
Microsoft Visual Studio Solution File, Format Version 12.00
# Visual Studio Version 17
VisualStudioVersion = 17.14.36202.13
MinimumVisualStudioVersion = 10.0.40219.1
Project("{2150E333-8FDC-42A3-9474-1A3956D46DE8}") = "src", "src", "{827E0CD3-B72D-47B6-A68D-7590B98EB39B}"
EndProject
Project("{FAE04EC0-301F-11D3-BF4B-00C04F79EFBC}") = "Api", "src\Api\Api.csproj", "{CD7A078A-4F99-4805-80AB-6970F2654DE9}"
EndProject
Project("{FAE04EC0-301F-11D3-BF4B-00C04F79EFBC}") = "Application", "src\Application\Application.csproj", "{5CFCE197-B3F4-4CDE-86E9-71661D0F1917}"
EndProject
Project("{FAE04EC0-301F-11D3-BF4B-00C04F79EFBC}") = "Domain", "src\Domain\Domain.csproj", "{D0D19579-AA39-4E52-8DA3-FCA03F43D0F4}"
EndProject
Project("{FAE04EC0-301F-11D3-BF4B-00C04F79EFBC}") = "Infrastructure", "src\Infrastructure\Infrastructure.csproj", "{47DF2295-FFE2-48F9-AAE4-8ED25C04B49F}"
EndProject
Project("{FAE04EC0-301F-11D3-BF4B-00C04F79EFBC}") = "Shared", "src\Shared\Shared.csproj", "{FDD021B7-86CF-4E9F-B02E-CDED47C002E2}"
EndProject
Project("{FAE04EC0-301F-11D3-BF4B-00C04F79EFBC}") = "UnitTests", "tests\UnitTests\UnitTests.csproj", "{A522B94B-2625-4BCB-93E4-6E709C586BBA}"
EndProject
Project("{FAE04EC0-301F-11D3-BF4B-00C04F79EFBC}") = "IntegrationTests", "tests\IntegrationTests\IntegrationTests.csproj", "{E2775C04-7AB6-4F37-9EBD-4E9129CB1DD0}"
EndProject
Global
	GlobalSection(SolutionConfigurationPlatforms) = preSolution
		Debug|Any CPU = Debug|Any CPU
		Debug|x64 = Debug|x64
		Debug|x86 = Debug|x86
		Release|Any CPU = Release|Any CPU
		Release|x64 = Release|x64
		Release|x86 = Release|x86
	EndGlobalSection
	GlobalSection(ProjectConfigurationPlatforms) = postSolution
		{CD7A078A-4F99-4805-80AB-6970F2654DE9}.Debug|Any CPU.ActiveCfg = Debug|Any CPU
		{CD7A078A-4F99-4805-80AB-6970F2654DE9}.Debug|Any CPU.Build.0 = Debug|Any CPU
		{CD7A078A-4F99-4805-80AB-6970F2654DE9}.Debug|x64.ActiveCfg = Debug|Any CPU
		{CD7A078A-4F99-4805-80AB-6970F2654DE9}.Debug|x64.Build.0 = Debug|Any CPU
		{CD7A078A-4F99-4805-80AB-6970F2654DE9}.Debug|x86.ActiveCfg = Debug|Any CPU
		{CD7A078A-4F99-4805-80AB-6970F2654DE9}.Debug|x86.Build.0 = Debug|Any CPU
		{CD7A078A-4F99-4805-80AB-6970F2654DE9}.Release|Any CPU.ActiveCfg = Release|Any CPU
		{CD7A078A-4F99-4805-80AB-6970F2654DE9}.Release|Any CPU.Build.0 = Release|Any CPU
		{CD7A078A-4F99-4805-80AB-6970F2654DE9}.Release|x64.ActiveCfg = Release|Any CPU
		{CD7A078A-4F99-4805-80AB-6970F2654DE9}.Release|x64.Build.0 = Release|Any CPU
		{CD7A078A-4F99-4805-80AB-6970F2654DE9}.Release|x86.ActiveCfg = Release|Any CPU
		{CD7A078A-4F99-4805-80AB-6970F2654DE9}.Release|x86.Build.0 = Release|Any CPU
		{5CFCE197-B3F4-4CDE-86E9-71661D0F1917}.Debug|Any CPU.ActiveCfg = Debug|Any CPU
		{5CFCE197-B3F4-4CDE-86E9-71661D0F1917}.Debug|Any CPU.Build.0 = Debug|Any CPU
		{5CFCE197-B3F4-4CDE-86E9-71661D0F1917}.Debug|x64.ActiveCfg = Debug|Any CPU
		{5CFCE197-B3F4-4CDE-86E9-71661D0F1917}.Debug|x64.Build.0 = Debug|Any CPU
		{5CFCE197-B3F4-4CDE-86E9-71661D0F1917}.Debug|x86.ActiveCfg = Debug|Any CPU
		{5CFCE197-B3F4-4CDE-86E9-71661D0F1917}.Debug|x86.Build.0 = Debug|Any CPU
		{5CFCE197-B3F4-4CDE-86E9-71661D0F1917}.Release|Any CPU.ActiveCfg = Release|Any CPU
		{5CFCE197-B3F4-4CDE-86E9-71661D0F1917}.Release|Any CPU.Build.0 = Release|Any CPU
		{5CFCE197-B3F4-4CDE-86E9-71661D0F1917}.Release|x64.ActiveCfg = Release|Any CPU
		{5CFCE197-B3F4-4CDE-86E9-71661D0F1917}.Release|x64.Build.0 = Release|Any CPU
		{5CFCE197-B3F4-4CDE-86E9-71661D0F1917}.Release|x86.ActiveCfg = Release|Any CPU
		{5CFCE197-B3F4-4CDE-86E9-71661D0F1917}.Release|x86.Build.0 = Release|Any CPU
		{D0D19579-AA39-4E52-8DA3-FCA03F43D0F4}.Debug|Any CPU.ActiveCfg = Debug|Any CPU
		{D0D19579-AA39-4E52-8DA3-FCA03F43D0F4}.Debug|Any CPU.Build.0 = Debug|Any CPU
		{D0D19579-AA39-4E52-8DA3-FCA03F43D0F4}.Debug|x64.ActiveCfg = Debug|Any CPU
		{D0D19579-AA39-4E52-8DA3-FCA03F43D0F4}.Debug|x64.Build.0 = Debug|Any CPU
		{D0D19579-AA39-4E52-8DA3-FCA03F43D0F4}.Debug|x86.ActiveCfg = Debug|Any CPU
		{D0D19579-AA39-4E52-8DA3-FCA03F43D0F4}.Debug|x86.Build.0 = Debug|Any CPU
		{D0D19579-AA39-4E52-8DA3-FCA03F43D0F4}.Release|Any CPU.ActiveCfg = Release|Any CPU
		{D0D19579-AA39-4E52-8DA3-FCA03F43D0F4}.Release|Any CPU.Build.0 = Release|Any CPU
		{D0D19579-AA39-4E52-8DA3-FCA03F43D0F4}.Release|x64.ActiveCfg = Release|Any CPU
		{D0D19579-AA39-4E52-8DA3-FCA03F43D0F4}.Release|x64.Build.0 = Release|Any CPU
		{D0D19579-AA39-4E52-8DA3-FCA03F43D0F4}.Release|x86.ActiveCfg = Release|Any CPU
		{D0D19579-AA39-4E52-8DA3-FCA03F43D0F4}.Release|x86.Build.0 = Release|Any CPU
		{47DF2295-FFE2-48F9-AAE4-8ED25C04B49F}.Debug|Any CPU.ActiveCfg = Debug|Any CPU
		{47DF2295-FFE2-48F9-AAE4-8ED25C04B49F}.Debug|Any CPU.Build.0 = Debug|Any CPU
		{47DF2295-FFE2-48F9-AAE4-8ED25C04B49F}.Debug|x64.ActiveCfg = Debug|Any CPU
		{47DF2295-FFE2-48F9-AAE4-8ED25C04B49F}.Debug|x64.Build.0 = Debug|Any CPU
		{47DF2295-FFE2-48F9-AAE4-8ED25C04B49F}.Debug|x86.ActiveCfg = Debug|Any CPU
		{47DF2295-FFE2-48F9-AAE4-8ED25C04B49F}.Debug|x86.Build.0 = Debug|Any CPU
		{47DF2295-FFE2-48F9-AAE4-8ED25C04B49F}.Release|Any CPU.ActiveCfg = Release|Any CPU
		{47DF2295-FFE2-48F9-AAE4-8ED25C04B49F}.Release|Any CPU.Build.0 = Release|Any CPU
		{47DF2295-FFE2-48F9-AAE4-8ED25C04B49F}.Release|x64.ActiveCfg = Release|Any CPU
		{47DF2295-FFE2-48F9-AAE4-8ED25C04B49F}.Release|x64.Build.0 = Release|Any CPU
		{47DF2295-FFE2-48F9-AAE4-8ED25C04B49F}.Release|x86.ActiveCfg = Release|Any CPU
		{47DF2295-FFE2-48F9-AAE4-8ED25C04B49F}.Release|x86.Build.0 = Release|Any CPU
		{FDD021B7-86CF-4E9F-B02E-CDED47C002E2}.Debug|Any CPU.ActiveCfg = Debug|Any CPU
		{FDD021B7-86CF-4E9F-B02E-CDED47C002E2}.Debug|Any CPU.Build.0 = Debug|Any CPU
		{FDD021B7-86CF-4E9F-B02E-CDED47C002E2}.Debug|x64.ActiveCfg = Debug|Any CPU
		{FDD021B7-86CF-4E9F-B02E-CDED47C002E2}.Debug|x64.Build.0 = Debug|Any CPU
		{FDD021B7-86CF-4E9F-B02E-CDED47C002E2}.Debug|x86.ActiveCfg = Debug|Any CPU
		{FDD021B7-86CF-4E9F-B02E-CDED47C002E2}.Debug|x86.Build.0 = Debug|Any CPU
		{FDD021B7-86CF-4E9F-B02E-CDED47C002E2}.Release|Any CPU.ActiveCfg = Release|Any CPU
		{FDD021B7-86CF-4E9F-B02E-CDED47C002E2}.Release|Any CPU.Build.0 = Release|Any CPU
		{FDD021B7-86CF-4E9F-B02E-CDED47C002E2}.Release|x64.ActiveCfg = Release|Any CPU
		{FDD021B7-86CF-4E9F-B02E-CDED47C002E2}.Release|x64.Build.0 = Release|Any CPU
		{FDD021B7-86CF-4E9F-B02E-CDED47C002E2}.Release|x86.ActiveCfg = Release|Any CPU
		{FDD021B7-86CF-4E9F-B02E-CDED47C002E2}.Release|x86.Build.0 = Release|Any CPU
		{A522B94B-2625-4BCB-93E4-6E709C586BBA}.Debug|Any CPU.ActiveCfg = Debug|Any CPU
		{A522B94B-2625-4BCB-93E4-6E709C586BBA}.Debug|Any CPU.Build.0 = Debug|Any CPU
		{A522B94B-2625-4BCB-93E4-6E709C586BBA}.Debug|x64.ActiveCfg = Debug|Any CPU
		{A522B94B-2625-4BCB-93E4-6E709C586BBA}.Debug|x64.Build.0 = Debug|Any CPU
		{A522B94B-2625-4BCB-93E4-6E709C586BBA}.Debug|x86.ActiveCfg = Debug|Any CPU
		{A522B94B-2625-4BCB-93E4-6E709C586BBA}.Debug|x86.Build.0 = Debug|Any CPU
		{A522B94B-2625-4BCB-93E4-6E709C586BBA}.Release|Any CPU.ActiveCfg = Release|Any CPU
		{A522B94B-2625-4BCB-93E4-6E709C586BBA}.Release|Any CPU.Build.0 = Release|Any CPU
		{A522B94B-2625-4BCB-93E4-6E709C586BBA}.Release|x64.ActiveCfg = Release|Any CPU
		{A522B94B-2625-4BCB-93E4-6E709C586BBA}.Release|x64.Build.0 = Release|Any CPU
		{A522B94B-2625-4BCB-93E4-6E709C586BBA}.Release|x86.ActiveCfg = Release|Any CPU
		{A522B94B-2625-4BCB-93E4-6E709C586BBA}.Release|x86.Build.0 = Release|Any CPU
		{E2775C04-7AB6-4F37-9EBD-4E9129CB1DD0}.Debug|Any CPU.ActiveCfg = Debug|Any CPU
		{E2775C04-7AB6-4F37-9EBD-4E9129CB1DD0}.Debug|Any CPU.Build.0 = Debug|Any CPU
		{E2775C04-7AB6-4F37-9EBD-4E9129CB1DD0}.Debug|x64.ActiveCfg = Debug|Any CPU
		{E2775C04-7AB6-4F37-9EBD-4E9129CB1DD0}.Debug|x64.Build.0 = Debug|Any CPU
		{E2775C04-7AB6-4F37-9EBD-4E9129CB1DD0}.Debug|x86.ActiveCfg = Debug|Any CPU
		{E2775C04-7AB6-4F37-9EBD-4E9129CB1DD0}.Debug|x86.Build.0 = Debug|Any CPU
		{E2775C04-7AB6-4F37-9EBD-4E9129CB1DD0}.Release|Any CPU.ActiveCfg = Release|Any CPU
		{E2775C04-7AB6-4F37-9EBD-4E9129CB1DD0}.Release|Any CPU.Build.0 = Release|Any CPU
		{E2775C04-7AB6-4F37-9EBD-4E9129CB1DD0}.Release|x64.ActiveCfg = Release|Any CPU
		{E2775C04-7AB6-4F37-9EBD-4E9129CB1DD0}.Release|x64.Build.0 = Release|Any CPU
		{E2775C04-7AB6-4F37-9EBD-4E9129CB1DD0}.Release|x86.ActiveCfg = Release|Any CPU
		{E2775C04-7AB6-4F37-9EBD-4E9129CB1DD0}.Release|x86.Build.0 = Release|Any CPU
	EndGlobalSection
	GlobalSection(SolutionProperties) = preSolution
		HideSolutionNode = FALSE
	EndGlobalSection
	GlobalSection(NestedProjects) = preSolution
		{CD7A078A-4F99-4805-80AB-6970F2654DE9} = {827E0CD3-B72D-47B6-A68D-7590B98EB39B}
		{5CFCE197-B3F4-4CDE-86E9-71661D0F1917} = {827E0CD3-B72D-47B6-A68D-7590B98EB39B}
		{D0D19579-AA39-4E52-8DA3-FCA03F43D0F4} = {827E0CD3-B72D-47B6-A68D-7590B98EB39B}
		{47DF2295-FFE2-48F9-AAE4-8ED25C04B49F} = {827E0CD3-B72D-47B6-A68D-7590B98EB39B}
		{FDD021B7-86CF-4E9F-B02E-CDED47C002E2} = {827E0CD3-B72D-47B6-A68D-7590B98EB39B}
		{A522B94B-2625-4BCB-93E4-6E709C586BBA} = {827E0CD3-B72D-47B6-A68D-7590B98EB39B}
		{E2775C04-7AB6-4F37-9EBD-4E9129CB1DD0} = {827E0CD3-B72D-47B6-A68D-7590B98EB39B}
	EndGlobalSection
	GlobalSection(ExtensibilityGlobals) = postSolution
		SolutionGuid = {95FC811A-32E8-49BE-BA9C-1E68BB5DBBA3}
	EndGlobalSection
EndGlobal
